
Microsoft Visual Studio Solution File, Format Version 12.00
# Visual Studio Version 17
VisualStudioVersion = 17.14.36603.0 d17.14
MinimumVisualStudioVersion = 10.0.40219.1
Project("{FAE04EC0-301F-11D3-BF4B-00C04F79EFBC}") = "TaskManagerAPI", "TaskManagerAPI\TaskManagerAPI.csproj", "{D992762A-58AC-4FDE-82EE-013454286255}"
EndProject
Global
	GlobalSection(SolutionConfigurationPlatforms) = preSolution
		Debug|Any CPU = Debug|Any CPU
		Release|Any CPU = Release|Any CPU
	EndGlobalSection
	GlobalSection(ProjectConfigurationPlatforms) = postSolution
		{D992762A-58AC-4FDE-82EE-013454286255}.Debug|Any CPU.ActiveCfg = Debug|Any CPU
		{D992762A-58AC-4FDE-82EE-013454286255}.Debug|Any CPU.Build.0 = Debug|Any CPU
		{D992762A-58AC-4FDE-82EE-013454286255}.Release|Any CPU.ActiveCfg = Release|Any CPU
		{D992762A-58AC-4FDE-82EE-013454286255}.Release|Any CPU.Build.0 = Release|Any CPU
	EndGlobalSection
	GlobalSection(SolutionProperties) = preSolution
		HideSolutionNode = FALSE
	EndGlobalSection
	GlobalSection(ExtensibilityGlobals) = postSolution
		SolutionGuid = {76428CDA-4E5D-457A-B920-ABA29D54EF87}
	EndGlobalSection
EndGlobal
